
Microsoft Visual Studio Solution File, Format Version 12.00
# Visual Studio 2012
Project("{FAE04EC0-301F-11D3-BF4B-00C04F79EFBC}") = "Log4NetAssemblyToProcess", "Log4NetAssemblyToProcess\Log4NetAssemblyToProcess.csproj", "{DCFDFA1D-B13A-4979-9560-91B527375418}"
EndProject
Project("{FAE04EC0-301F-11D3-BF4B-00C04F79EFBC}") = "Log4NetNuget", "Log4NetNuGet\Log4NetNuget.csproj", "{63786CE5-D899-43DF-AD4E-C2CA3BAC3FC2}"
	ProjectSection(ProjectDependencies) = postProject
		{9C9F7F26-EDCF-4D95-9F6A-AF8504528D95} = {9C9F7F26-EDCF-4D95-9F6A-AF8504528D95}
		{C3578A7B-09A6-4444-9383-0DEAFA4958BD} = {C3578A7B-09A6-4444-9383-0DEAFA4958BD}
	EndProjectSection
EndProject
Project("{FAE04EC0-301F-11D3-BF4B-00C04F79EFBC}") = "Log4NetReferenceAssembly", "Log4NetReferenceAssembly\Log4NetReferenceAssembly.csproj", "{9C9F7F26-EDCF-4D95-9F6A-AF8504528D95}"
EndProject
Project("{FAE04EC0-301F-11D3-BF4B-00C04F79EFBC}") = "Log4NetFody", "Log4NetFody\Log4NetFody.csproj", "{C3578A7B-09A6-4444-9383-0DEAFA4958BD}"
EndProject
Project("{FAE04EC0-301F-11D3-BF4B-00C04F79EFBC}") = "MetroLogFody", "MetroLogFody\MetroLogFody.csproj", "{4F579111-5CF3-4ECC-AFCA-397820C3A495}"
EndProject
Project("{FAE04EC0-301F-11D3-BF4B-00C04F79EFBC}") = "MetroLogReferenceAssembly", "MetroLogReferenceAssembly\MetroLogReferenceAssembly.csproj", "{C57B07DF-F89A-427D-9E73-FA9F7E3455A6}"
EndProject
Project("{FAE04EC0-301F-11D3-BF4B-00C04F79EFBC}") = "MetroLogNuGet", "MetroLogNuGet\MetroLogNuGet.csproj", "{01802DCF-E7D0-4618-9209-5B1D5F9005EF}"
	ProjectSection(ProjectDependencies) = postProject
		{4F579111-5CF3-4ECC-AFCA-397820C3A495} = {4F579111-5CF3-4ECC-AFCA-397820C3A495}
		{C57B07DF-F89A-427D-9E73-FA9F7E3455A6} = {C57B07DF-F89A-427D-9E73-FA9F7E3455A6}
	EndProjectSection
EndProject
Project("{FAE04EC0-301F-11D3-BF4B-00C04F79EFBC}") = "NLogAssemblyToProcess", "NLogAssemblyToProcess\NLogAssemblyToProcess.csproj", "{7DEC4E2D-F872-434E-A267-0BAD65299950}"
EndProject
Project("{FAE04EC0-301F-11D3-BF4B-00C04F79EFBC}") = "NLogFody", "NLogFody\NLogFody.csproj", "{29AD34AB-9416-4E53-95CA-9B00072D8802}"
EndProject
Project("{FAE04EC0-301F-11D3-BF4B-00C04F79EFBC}") = "NLogNuGet", "NLogNuGet\NLogNuGet.csproj", "{6638E0E5-DF3F-4EDE-88E8-0D8436969144}"
	ProjectSection(ProjectDependencies) = postProject
		{C1B99F92-63D3-4F01-B8FE-6DF359B407F7} = {C1B99F92-63D3-4F01-B8FE-6DF359B407F7}
		{29AD34AB-9416-4E53-95CA-9B00072D8802} = {29AD34AB-9416-4E53-95CA-9B00072D8802}
	EndProjectSection
EndProject
Project("{FAE04EC0-301F-11D3-BF4B-00C04F79EFBC}") = "SerilogNuGet", "SerilogNuGet\SerilogNuGet.csproj", "{73F726A2-19B2-4791-A1DE-3205D0621178}"
	ProjectSection(ProjectDependencies) = postProject
		{963A8D05-334F-4D09-AFB5-E9C1A46D1131} = {963A8D05-334F-4D09-AFB5-E9C1A46D1131}
		{16057ACC-E523-403B-825D-57DDAEDC1CE6} = {16057ACC-E523-403B-825D-57DDAEDC1CE6}
	EndProjectSection
EndProject
Project("{FAE04EC0-301F-11D3-BF4B-00C04F79EFBC}") = "SerilogAssemblyToProcess", "SerilogAssemblyToProcess\SerilogAssemblyToProcess.csproj", "{A83DF669-A96F-4494-B962-A91841ABCFB8}"
EndProject
Project("{FAE04EC0-301F-11D3-BF4B-00C04F79EFBC}") = "SerilogFody", "SerilogFody\SerilogFody.csproj", "{963A8D05-334F-4D09-AFB5-E9C1A46D1131}"
EndProject
Project("{FAE04EC0-301F-11D3-BF4B-00C04F79EFBC}") = "NLogReferenceAssembly", "NLogReferenceAssembly\NLogReferenceAssembly.csproj", "{C1B99F92-63D3-4F01-B8FE-6DF359B407F7}"
EndProject
Project("{FAE04EC0-301F-11D3-BF4B-00C04F79EFBC}") = "SerilogReferenceAssembly", "SerilogReferenceAssembly\SerilogReferenceAssembly.csproj", "{16057ACC-E523-403B-825D-57DDAEDC1CE6}"
EndProject
Project("{FAE04EC0-301F-11D3-BF4B-00C04F79EFBC}") = "MetroLogAssemblyToProcess", "MetroLogAssemblyToProcess\MetroLogAssemblyToProcess.csproj", "{FB619D27-E000-434D-8167-54490A640444}"
EndProject
Project("{FAE04EC0-301F-11D3-BF4B-00C04F79EFBC}") = "CustomReferenceAssembly", "CustomReferenceAssembly\CustomReferenceAssembly.csproj", "{9F5A653C-EE47-4865-8A37-DF447F5FA3CB}"
EndProject
Project("{FAE04EC0-301F-11D3-BF4B-00C04F79EFBC}") = "CustomNuGet", "CustomNuGet\CustomNuGet.csproj", "{B3C6E573-5BD2-479C-A9B6-B16E36FFF951}"
	ProjectSection(ProjectDependencies) = postProject
		{9F5A653C-EE47-4865-8A37-DF447F5FA3CB} = {9F5A653C-EE47-4865-8A37-DF447F5FA3CB}
		{4517D06F-06BB-4003-BA4C-E2F85F77E4B7} = {4517D06F-06BB-4003-BA4C-E2F85F77E4B7}
	EndProjectSection
EndProject
Project("{FAE04EC0-301F-11D3-BF4B-00C04F79EFBC}") = "CustomFody", "CustomFody\CustomFody.csproj", "{4517D06F-06BB-4003-BA4C-E2F85F77E4B7}"
EndProject
Project("{FAE04EC0-301F-11D3-BF4B-00C04F79EFBC}") = "CustomAssemblyToProcess", "CustomAssemblyToProcess\CustomAssemblyToProcess.csproj", "{F3F7DC78-44BF-4451-99F1-B99A691BB232}"
EndProject
Project("{FAE04EC0-301F-11D3-BF4B-00C04F79EFBC}") = "CustomAssemblyWithLogger", "CustomAssemblyWithLogger\CustomAssemblyWithLogger.csproj", "{46899ED4-2ED5-4C8D-BEC9-DED828CB1A6C}"
EndProject
Global
	GlobalSection(SolutionConfigurationPlatforms) = preSolution
		Debug|Any CPU = Debug|Any CPU
		Debug|Mixed Platforms = Debug|Mixed Platforms
		Debug|x86 = Debug|x86
		Deployable|Any CPU = Deployable|Any CPU
		Deployable|Mixed Platforms = Deployable|Mixed Platforms
		Deployable|x86 = Deployable|x86
		Release|Any CPU = Release|Any CPU
		Release|Mixed Platforms = Release|Mixed Platforms
		Release|x86 = Release|x86
	EndGlobalSection
	GlobalSection(ProjectConfigurationPlatforms) = postSolution
		{DCFDFA1D-B13A-4979-9560-91B527375418}.Debug|Any CPU.ActiveCfg = Debug|Any CPU
		{DCFDFA1D-B13A-4979-9560-91B527375418}.Debug|Any CPU.Build.0 = Debug|Any CPU
		{DCFDFA1D-B13A-4979-9560-91B527375418}.Debug|Mixed Platforms.ActiveCfg = Debug|Any CPU
		{DCFDFA1D-B13A-4979-9560-91B527375418}.Debug|Mixed Platforms.Build.0 = Debug|Any CPU
		{DCFDFA1D-B13A-4979-9560-91B527375418}.Debug|x86.ActiveCfg = Debug|Any CPU
		{DCFDFA1D-B13A-4979-9560-91B527375418}.Deployable|Any CPU.ActiveCfg = Deployable|Any CPU
		{DCFDFA1D-B13A-4979-9560-91B527375418}.Deployable|Any CPU.Build.0 = Deployable|Any CPU
		{DCFDFA1D-B13A-4979-9560-91B527375418}.Deployable|Mixed Platforms.ActiveCfg = Deployable|Any CPU
		{DCFDFA1D-B13A-4979-9560-91B527375418}.Deployable|Mixed Platforms.Build.0 = Deployable|Any CPU
		{DCFDFA1D-B13A-4979-9560-91B527375418}.Deployable|x86.ActiveCfg = Deployable|Any CPU
		{DCFDFA1D-B13A-4979-9560-91B527375418}.Release|Any CPU.ActiveCfg = Release|Any CPU
		{DCFDFA1D-B13A-4979-9560-91B527375418}.Release|Any CPU.Build.0 = Release|Any CPU
		{DCFDFA1D-B13A-4979-9560-91B527375418}.Release|Mixed Platforms.ActiveCfg = Release|Any CPU
		{DCFDFA1D-B13A-4979-9560-91B527375418}.Release|Mixed Platforms.Build.0 = Release|Any CPU
		{DCFDFA1D-B13A-4979-9560-91B527375418}.Release|x86.ActiveCfg = Release|Any CPU
		{63786CE5-D899-43DF-AD4E-C2CA3BAC3FC2}.Debug|Any CPU.ActiveCfg = Debug|Any CPU
		{63786CE5-D899-43DF-AD4E-C2CA3BAC3FC2}.Debug|Any CPU.Build.0 = Debug|Any CPU
		{63786CE5-D899-43DF-AD4E-C2CA3BAC3FC2}.Debug|Mixed Platforms.ActiveCfg = Debug|Any CPU
		{63786CE5-D899-43DF-AD4E-C2CA3BAC3FC2}.Debug|Mixed Platforms.Build.0 = Debug|Any CPU
		{63786CE5-D899-43DF-AD4E-C2CA3BAC3FC2}.Debug|x86.ActiveCfg = Debug|Any CPU
		{63786CE5-D899-43DF-AD4E-C2CA3BAC3FC2}.Deployable|Any CPU.ActiveCfg = Deployable|Any CPU
		{63786CE5-D899-43DF-AD4E-C2CA3BAC3FC2}.Deployable|Any CPU.Build.0 = Deployable|Any CPU
		{63786CE5-D899-43DF-AD4E-C2CA3BAC3FC2}.Deployable|Mixed Platforms.ActiveCfg = Deployable|Any CPU
		{63786CE5-D899-43DF-AD4E-C2CA3BAC3FC2}.Deployable|Mixed Platforms.Build.0 = Deployable|Any CPU
		{63786CE5-D899-43DF-AD4E-C2CA3BAC3FC2}.Deployable|x86.ActiveCfg = Deployable|Any CPU
		{63786CE5-D899-43DF-AD4E-C2CA3BAC3FC2}.Release|Any CPU.ActiveCfg = Release|Any CPU
		{63786CE5-D899-43DF-AD4E-C2CA3BAC3FC2}.Release|Any CPU.Build.0 = Release|Any CPU
		{63786CE5-D899-43DF-AD4E-C2CA3BAC3FC2}.Release|Mixed Platforms.ActiveCfg = Release|Any CPU
		{63786CE5-D899-43DF-AD4E-C2CA3BAC3FC2}.Release|Mixed Platforms.Build.0 = Release|Any CPU
		{63786CE5-D899-43DF-AD4E-C2CA3BAC3FC2}.Release|x86.ActiveCfg = Release|Any CPU
		{9C9F7F26-EDCF-4D95-9F6A-AF8504528D95}.Debug|Any CPU.ActiveCfg = Debug|Any CPU
		{9C9F7F26-EDCF-4D95-9F6A-AF8504528D95}.Debug|Any CPU.Build.0 = Debug|Any CPU
		{9C9F7F26-EDCF-4D95-9F6A-AF8504528D95}.Debug|Mixed Platforms.ActiveCfg = Debug|Any CPU
		{9C9F7F26-EDCF-4D95-9F6A-AF8504528D95}.Debug|Mixed Platforms.Build.0 = Debug|Any CPU
		{9C9F7F26-EDCF-4D95-9F6A-AF8504528D95}.Debug|x86.ActiveCfg = Debug|Any CPU
		{9C9F7F26-EDCF-4D95-9F6A-AF8504528D95}.Deployable|Any CPU.ActiveCfg = Deployable|Any CPU
		{9C9F7F26-EDCF-4D95-9F6A-AF8504528D95}.Deployable|Any CPU.Build.0 = Deployable|Any CPU
		{9C9F7F26-EDCF-4D95-9F6A-AF8504528D95}.Deployable|Mixed Platforms.ActiveCfg = Deployable|Any CPU
		{9C9F7F26-EDCF-4D95-9F6A-AF8504528D95}.Deployable|Mixed Platforms.Build.0 = Deployable|Any CPU
		{9C9F7F26-EDCF-4D95-9F6A-AF8504528D95}.Deployable|x86.ActiveCfg = Deployable|Any CPU
		{9C9F7F26-EDCF-4D95-9F6A-AF8504528D95}.Release|Any CPU.ActiveCfg = Release|Any CPU
		{9C9F7F26-EDCF-4D95-9F6A-AF8504528D95}.Release|Any CPU.Build.0 = Release|Any CPU
		{9C9F7F26-EDCF-4D95-9F6A-AF8504528D95}.Release|Mixed Platforms.ActiveCfg = Release|Any CPU
		{9C9F7F26-EDCF-4D95-9F6A-AF8504528D95}.Release|Mixed Platforms.Build.0 = Release|Any CPU
		{9C9F7F26-EDCF-4D95-9F6A-AF8504528D95}.Release|x86.ActiveCfg = Release|Any CPU
		{C3578A7B-09A6-4444-9383-0DEAFA4958BD}.Debug|Any CPU.ActiveCfg = Debug|Any CPU
		{C3578A7B-09A6-4444-9383-0DEAFA4958BD}.Debug|Any CPU.Build.0 = Debug|Any CPU
		{C3578A7B-09A6-4444-9383-0DEAFA4958BD}.Debug|Mixed Platforms.ActiveCfg = Debug|Any CPU
		{C3578A7B-09A6-4444-9383-0DEAFA4958BD}.Debug|Mixed Platforms.Build.0 = Debug|Any CPU
		{C3578A7B-09A6-4444-9383-0DEAFA4958BD}.Debug|x86.ActiveCfg = Debug|Any CPU
		{C3578A7B-09A6-4444-9383-0DEAFA4958BD}.Deployable|Any CPU.ActiveCfg = Deployable|Any CPU
		{C3578A7B-09A6-4444-9383-0DEAFA4958BD}.Deployable|Any CPU.Build.0 = Deployable|Any CPU
		{C3578A7B-09A6-4444-9383-0DEAFA4958BD}.Deployable|Mixed Platforms.ActiveCfg = Deployable|Any CPU
		{C3578A7B-09A6-4444-9383-0DEAFA4958BD}.Deployable|Mixed Platforms.Build.0 = Deployable|Any CPU
		{C3578A7B-09A6-4444-9383-0DEAFA4958BD}.Deployable|x86.ActiveCfg = Deployable|Any CPU
		{C3578A7B-09A6-4444-9383-0DEAFA4958BD}.Release|Any CPU.ActiveCfg = Release|Any CPU
		{C3578A7B-09A6-4444-9383-0DEAFA4958BD}.Release|Any CPU.Build.0 = Release|Any CPU
		{C3578A7B-09A6-4444-9383-0DEAFA4958BD}.Release|Mixed Platforms.ActiveCfg = Release|Any CPU
		{C3578A7B-09A6-4444-9383-0DEAFA4958BD}.Release|Mixed Platforms.Build.0 = Release|Any CPU
		{C3578A7B-09A6-4444-9383-0DEAFA4958BD}.Release|x86.ActiveCfg = Release|Any CPU
		{4F579111-5CF3-4ECC-AFCA-397820C3A495}.Debug|Any CPU.ActiveCfg = Debug|Any CPU
		{4F579111-5CF3-4ECC-AFCA-397820C3A495}.Debug|Any CPU.Build.0 = Debug|Any CPU
		{4F579111-5CF3-4ECC-AFCA-397820C3A495}.Debug|Mixed Platforms.ActiveCfg = Debug|Any CPU
		{4F579111-5CF3-4ECC-AFCA-397820C3A495}.Debug|Mixed Platforms.Build.0 = Debug|Any CPU
		{4F579111-5CF3-4ECC-AFCA-397820C3A495}.Debug|x86.ActiveCfg = Debug|Any CPU
		{4F579111-5CF3-4ECC-AFCA-397820C3A495}.Deployable|Any CPU.ActiveCfg = Deployable|Any CPU
		{4F579111-5CF3-4ECC-AFCA-397820C3A495}.Deployable|Any CPU.Build.0 = Deployable|Any CPU
		{4F579111-5CF3-4ECC-AFCA-397820C3A495}.Deployable|Mixed Platforms.ActiveCfg = Deployable|Any CPU
		{4F579111-5CF3-4ECC-AFCA-397820C3A495}.Deployable|Mixed Platforms.Build.0 = Deployable|Any CPU
		{4F579111-5CF3-4ECC-AFCA-397820C3A495}.Deployable|x86.ActiveCfg = Deployable|Any CPU
		{4F579111-5CF3-4ECC-AFCA-397820C3A495}.Release|Any CPU.ActiveCfg = Release|Any CPU
		{4F579111-5CF3-4ECC-AFCA-397820C3A495}.Release|Any CPU.Build.0 = Release|Any CPU
		{4F579111-5CF3-4ECC-AFCA-397820C3A495}.Release|Mixed Platforms.ActiveCfg = Release|Any CPU
		{4F579111-5CF3-4ECC-AFCA-397820C3A495}.Release|Mixed Platforms.Build.0 = Release|Any CPU
		{4F579111-5CF3-4ECC-AFCA-397820C3A495}.Release|x86.ActiveCfg = Release|Any CPU
		{C57B07DF-F89A-427D-9E73-FA9F7E3455A6}.Debug|Any CPU.ActiveCfg = Debug|Any CPU
		{C57B07DF-F89A-427D-9E73-FA9F7E3455A6}.Debug|Any CPU.Build.0 = Debug|Any CPU
		{C57B07DF-F89A-427D-9E73-FA9F7E3455A6}.Debug|Mixed Platforms.ActiveCfg = Debug|Any CPU
		{C57B07DF-F89A-427D-9E73-FA9F7E3455A6}.Debug|Mixed Platforms.Build.0 = Debug|Any CPU
		{C57B07DF-F89A-427D-9E73-FA9F7E3455A6}.Debug|x86.ActiveCfg = Debug|Any CPU
		{C57B07DF-F89A-427D-9E73-FA9F7E3455A6}.Deployable|Any CPU.ActiveCfg = Deployable|Any CPU
		{C57B07DF-F89A-427D-9E73-FA9F7E3455A6}.Deployable|Any CPU.Build.0 = Deployable|Any CPU
		{C57B07DF-F89A-427D-9E73-FA9F7E3455A6}.Deployable|Mixed Platforms.ActiveCfg = Deployable|Any CPU
		{C57B07DF-F89A-427D-9E73-FA9F7E3455A6}.Deployable|Mixed Platforms.Build.0 = Deployable|Any CPU
		{C57B07DF-F89A-427D-9E73-FA9F7E3455A6}.Deployable|x86.ActiveCfg = Deployable|Any CPU
		{C57B07DF-F89A-427D-9E73-FA9F7E3455A6}.Release|Any CPU.ActiveCfg = Release|Any CPU
		{C57B07DF-F89A-427D-9E73-FA9F7E3455A6}.Release|Any CPU.Build.0 = Release|Any CPU
		{C57B07DF-F89A-427D-9E73-FA9F7E3455A6}.Release|Mixed Platforms.ActiveCfg = Release|Any CPU
		{C57B07DF-F89A-427D-9E73-FA9F7E3455A6}.Release|Mixed Platforms.Build.0 = Release|Any CPU
		{C57B07DF-F89A-427D-9E73-FA9F7E3455A6}.Release|x86.ActiveCfg = Release|Any CPU
		{01802DCF-E7D0-4618-9209-5B1D5F9005EF}.Debug|Any CPU.ActiveCfg = Debug|Any CPU
		{01802DCF-E7D0-4618-9209-5B1D5F9005EF}.Debug|Any CPU.Build.0 = Debug|Any CPU
		{01802DCF-E7D0-4618-9209-5B1D5F9005EF}.Debug|Mixed Platforms.ActiveCfg = Debug|Any CPU
		{01802DCF-E7D0-4618-9209-5B1D5F9005EF}.Debug|Mixed Platforms.Build.0 = Debug|Any CPU
		{01802DCF-E7D0-4618-9209-5B1D5F9005EF}.Debug|x86.ActiveCfg = Debug|Any CPU
		{01802DCF-E7D0-4618-9209-5B1D5F9005EF}.Deployable|Any CPU.ActiveCfg = Deployable|Any CPU
		{01802DCF-E7D0-4618-9209-5B1D5F9005EF}.Deployable|Any CPU.Build.0 = Deployable|Any CPU
		{01802DCF-E7D0-4618-9209-5B1D5F9005EF}.Deployable|Mixed Platforms.ActiveCfg = Deployable|Any CPU
		{01802DCF-E7D0-4618-9209-5B1D5F9005EF}.Deployable|Mixed Platforms.Build.0 = Deployable|Any CPU
		{01802DCF-E7D0-4618-9209-5B1D5F9005EF}.Deployable|x86.ActiveCfg = Deployable|Any CPU
		{01802DCF-E7D0-4618-9209-5B1D5F9005EF}.Release|Any CPU.ActiveCfg = Release|Any CPU
		{01802DCF-E7D0-4618-9209-5B1D5F9005EF}.Release|Any CPU.Build.0 = Release|Any CPU
		{01802DCF-E7D0-4618-9209-5B1D5F9005EF}.Release|Mixed Platforms.ActiveCfg = Release|Any CPU
		{01802DCF-E7D0-4618-9209-5B1D5F9005EF}.Release|Mixed Platforms.Build.0 = Release|Any CPU
		{01802DCF-E7D0-4618-9209-5B1D5F9005EF}.Release|x86.ActiveCfg = Release|Any CPU
		{7DEC4E2D-F872-434E-A267-0BAD65299950}.Debug|Any CPU.ActiveCfg = Debug|Any CPU
		{7DEC4E2D-F872-434E-A267-0BAD65299950}.Debug|Any CPU.Build.0 = Debug|Any CPU
		{7DEC4E2D-F872-434E-A267-0BAD65299950}.Debug|Mixed Platforms.ActiveCfg = Debug|Any CPU
		{7DEC4E2D-F872-434E-A267-0BAD65299950}.Debug|Mixed Platforms.Build.0 = Debug|Any CPU
		{7DEC4E2D-F872-434E-A267-0BAD65299950}.Debug|x86.ActiveCfg = Debug|Any CPU
		{7DEC4E2D-F872-434E-A267-0BAD65299950}.Deployable|Any CPU.ActiveCfg = Deployable|Any CPU
		{7DEC4E2D-F872-434E-A267-0BAD65299950}.Deployable|Any CPU.Build.0 = Deployable|Any CPU
		{7DEC4E2D-F872-434E-A267-0BAD65299950}.Deployable|Mixed Platforms.ActiveCfg = Deployable|Any CPU
		{7DEC4E2D-F872-434E-A267-0BAD65299950}.Deployable|Mixed Platforms.Build.0 = Deployable|Any CPU
		{7DEC4E2D-F872-434E-A267-0BAD65299950}.Deployable|x86.ActiveCfg = Deployable|Any CPU
		{7DEC4E2D-F872-434E-A267-0BAD65299950}.Release|Any CPU.ActiveCfg = Release|Any CPU
		{7DEC4E2D-F872-434E-A267-0BAD65299950}.Release|Any CPU.Build.0 = Release|Any CPU
		{7DEC4E2D-F872-434E-A267-0BAD65299950}.Release|Mixed Platforms.ActiveCfg = Release|Any CPU
		{7DEC4E2D-F872-434E-A267-0BAD65299950}.Release|Mixed Platforms.Build.0 = Release|Any CPU
		{7DEC4E2D-F872-434E-A267-0BAD65299950}.Release|x86.ActiveCfg = Release|Any CPU
		{29AD34AB-9416-4E53-95CA-9B00072D8802}.Debug|Any CPU.ActiveCfg = Debug|Any CPU
		{29AD34AB-9416-4E53-95CA-9B00072D8802}.Debug|Any CPU.Build.0 = Debug|Any CPU
		{29AD34AB-9416-4E53-95CA-9B00072D8802}.Debug|Mixed Platforms.ActiveCfg = Debug|Any CPU
		{29AD34AB-9416-4E53-95CA-9B00072D8802}.Debug|Mixed Platforms.Build.0 = Debug|Any CPU
		{29AD34AB-9416-4E53-95CA-9B00072D8802}.Debug|x86.ActiveCfg = Debug|Any CPU
		{29AD34AB-9416-4E53-95CA-9B00072D8802}.Deployable|Any CPU.ActiveCfg = Deployable|Any CPU
		{29AD34AB-9416-4E53-95CA-9B00072D8802}.Deployable|Any CPU.Build.0 = Deployable|Any CPU
		{29AD34AB-9416-4E53-95CA-9B00072D8802}.Deployable|Mixed Platforms.ActiveCfg = Deployable|Any CPU
		{29AD34AB-9416-4E53-95CA-9B00072D8802}.Deployable|Mixed Platforms.Build.0 = Deployable|Any CPU
		{29AD34AB-9416-4E53-95CA-9B00072D8802}.Deployable|x86.ActiveCfg = Deployable|Any CPU
		{29AD34AB-9416-4E53-95CA-9B00072D8802}.Release|Any CPU.ActiveCfg = Release|Any CPU
		{29AD34AB-9416-4E53-95CA-9B00072D8802}.Release|Any CPU.Build.0 = Release|Any CPU
		{29AD34AB-9416-4E53-95CA-9B00072D8802}.Release|Mixed Platforms.ActiveCfg = Release|Any CPU
		{29AD34AB-9416-4E53-95CA-9B00072D8802}.Release|Mixed Platforms.Build.0 = Release|Any CPU
		{29AD34AB-9416-4E53-95CA-9B00072D8802}.Release|x86.ActiveCfg = Release|Any CPU
		{6638E0E5-DF3F-4EDE-88E8-0D8436969144}.Debug|Any CPU.ActiveCfg = Debug|Any CPU
		{6638E0E5-DF3F-4EDE-88E8-0D8436969144}.Debug|Any CPU.Build.0 = Debug|Any CPU
		{6638E0E5-DF3F-4EDE-88E8-0D8436969144}.Debug|Mixed Platforms.ActiveCfg = Debug|Any CPU
		{6638E0E5-DF3F-4EDE-88E8-0D8436969144}.Debug|Mixed Platforms.Build.0 = Debug|Any CPU
		{6638E0E5-DF3F-4EDE-88E8-0D8436969144}.Debug|x86.ActiveCfg = Debug|Any CPU
		{6638E0E5-DF3F-4EDE-88E8-0D8436969144}.Deployable|Any CPU.ActiveCfg = Deployable|Any CPU
		{6638E0E5-DF3F-4EDE-88E8-0D8436969144}.Deployable|Any CPU.Build.0 = Deployable|Any CPU
		{6638E0E5-DF3F-4EDE-88E8-0D8436969144}.Deployable|Mixed Platforms.ActiveCfg = Deployable|Any CPU
		{6638E0E5-DF3F-4EDE-88E8-0D8436969144}.Deployable|Mixed Platforms.Build.0 = Deployable|Any CPU
		{6638E0E5-DF3F-4EDE-88E8-0D8436969144}.Deployable|x86.ActiveCfg = Deployable|Any CPU
		{6638E0E5-DF3F-4EDE-88E8-0D8436969144}.Release|Any CPU.ActiveCfg = Release|Any CPU
		{6638E0E5-DF3F-4EDE-88E8-0D8436969144}.Release|Any CPU.Build.0 = Release|Any CPU
		{6638E0E5-DF3F-4EDE-88E8-0D8436969144}.Release|Mixed Platforms.ActiveCfg = Release|Any CPU
		{6638E0E5-DF3F-4EDE-88E8-0D8436969144}.Release|Mixed Platforms.Build.0 = Release|Any CPU
		{6638E0E5-DF3F-4EDE-88E8-0D8436969144}.Release|x86.ActiveCfg = Release|Any CPU
		{73F726A2-19B2-4791-A1DE-3205D0621178}.Debug|Any CPU.ActiveCfg = Debug|Any CPU
		{73F726A2-19B2-4791-A1DE-3205D0621178}.Debug|Any CPU.Build.0 = Debug|Any CPU
		{73F726A2-19B2-4791-A1DE-3205D0621178}.Debug|Mixed Platforms.ActiveCfg = Debug|Any CPU
		{73F726A2-19B2-4791-A1DE-3205D0621178}.Debug|Mixed Platforms.Build.0 = Debug|Any CPU
		{73F726A2-19B2-4791-A1DE-3205D0621178}.Debug|x86.ActiveCfg = Debug|Any CPU
		{73F726A2-19B2-4791-A1DE-3205D0621178}.Deployable|Any CPU.ActiveCfg = Deployable|Any CPU
		{73F726A2-19B2-4791-A1DE-3205D0621178}.Deployable|Any CPU.Build.0 = Deployable|Any CPU
		{73F726A2-19B2-4791-A1DE-3205D0621178}.Deployable|Mixed Platforms.ActiveCfg = Deployable|Any CPU
		{73F726A2-19B2-4791-A1DE-3205D0621178}.Deployable|Mixed Platforms.Build.0 = Deployable|Any CPU
		{73F726A2-19B2-4791-A1DE-3205D0621178}.Deployable|x86.ActiveCfg = Deployable|Any CPU
		{73F726A2-19B2-4791-A1DE-3205D0621178}.Release|Any CPU.ActiveCfg = Release|Any CPU
		{73F726A2-19B2-4791-A1DE-3205D0621178}.Release|Any CPU.Build.0 = Release|Any CPU
		{73F726A2-19B2-4791-A1DE-3205D0621178}.Release|Mixed Platforms.ActiveCfg = Release|Any CPU
		{73F726A2-19B2-4791-A1DE-3205D0621178}.Release|Mixed Platforms.Build.0 = Release|Any CPU
		{73F726A2-19B2-4791-A1DE-3205D0621178}.Release|x86.ActiveCfg = Release|Any CPU
		{A83DF669-A96F-4494-B962-A91841ABCFB8}.Debug|Any CPU.ActiveCfg = Debug|Any CPU
		{A83DF669-A96F-4494-B962-A91841ABCFB8}.Debug|Any CPU.Build.0 = Debug|Any CPU
		{A83DF669-A96F-4494-B962-A91841ABCFB8}.Debug|Mixed Platforms.ActiveCfg = Debug|Any CPU
		{A83DF669-A96F-4494-B962-A91841ABCFB8}.Debug|Mixed Platforms.Build.0 = Debug|Any CPU
		{A83DF669-A96F-4494-B962-A91841ABCFB8}.Debug|x86.ActiveCfg = Debug|Any CPU
		{A83DF669-A96F-4494-B962-A91841ABCFB8}.Deployable|Any CPU.ActiveCfg = Deployable|Any CPU
		{A83DF669-A96F-4494-B962-A91841ABCFB8}.Deployable|Any CPU.Build.0 = Deployable|Any CPU
		{A83DF669-A96F-4494-B962-A91841ABCFB8}.Deployable|Mixed Platforms.ActiveCfg = Deployable|Any CPU
		{A83DF669-A96F-4494-B962-A91841ABCFB8}.Deployable|Mixed Platforms.Build.0 = Deployable|Any CPU
		{A83DF669-A96F-4494-B962-A91841ABCFB8}.Deployable|x86.ActiveCfg = Deployable|Any CPU
		{A83DF669-A96F-4494-B962-A91841ABCFB8}.Release|Any CPU.ActiveCfg = Release|Any CPU
		{A83DF669-A96F-4494-B962-A91841ABCFB8}.Release|Any CPU.Build.0 = Release|Any CPU
		{A83DF669-A96F-4494-B962-A91841ABCFB8}.Release|Mixed Platforms.ActiveCfg = Release|Any CPU
		{A83DF669-A96F-4494-B962-A91841ABCFB8}.Release|Mixed Platforms.Build.0 = Release|Any CPU
		{A83DF669-A96F-4494-B962-A91841ABCFB8}.Release|x86.ActiveCfg = Release|Any CPU
		{963A8D05-334F-4D09-AFB5-E9C1A46D1131}.Debug|Any CPU.ActiveCfg = Debug|Any CPU
		{963A8D05-334F-4D09-AFB5-E9C1A46D1131}.Debug|Any CPU.Build.0 = Debug|Any CPU
		{963A8D05-334F-4D09-AFB5-E9C1A46D1131}.Debug|Mixed Platforms.ActiveCfg = Debug|Any CPU
		{963A8D05-334F-4D09-AFB5-E9C1A46D1131}.Debug|Mixed Platforms.Build.0 = Debug|Any CPU
		{963A8D05-334F-4D09-AFB5-E9C1A46D1131}.Debug|x86.ActiveCfg = Debug|Any CPU
		{963A8D05-334F-4D09-AFB5-E9C1A46D1131}.Deployable|Any CPU.ActiveCfg = Deployable|Any CPU
		{963A8D05-334F-4D09-AFB5-E9C1A46D1131}.Deployable|Any CPU.Build.0 = Deployable|Any CPU
		{963A8D05-334F-4D09-AFB5-E9C1A46D1131}.Deployable|Mixed Platforms.ActiveCfg = Deployable|Any CPU
		{963A8D05-334F-4D09-AFB5-E9C1A46D1131}.Deployable|Mixed Platforms.Build.0 = Deployable|Any CPU
		{963A8D05-334F-4D09-AFB5-E9C1A46D1131}.Deployable|x86.ActiveCfg = Deployable|Any CPU
		{963A8D05-334F-4D09-AFB5-E9C1A46D1131}.Release|Any CPU.ActiveCfg = Release|Any CPU
		{963A8D05-334F-4D09-AFB5-E9C1A46D1131}.Release|Any CPU.Build.0 = Release|Any CPU
		{963A8D05-334F-4D09-AFB5-E9C1A46D1131}.Release|Mixed Platforms.ActiveCfg = Release|Any CPU
		{963A8D05-334F-4D09-AFB5-E9C1A46D1131}.Release|Mixed Platforms.Build.0 = Release|Any CPU
		{963A8D05-334F-4D09-AFB5-E9C1A46D1131}.Release|x86.ActiveCfg = Release|Any CPU
		{C1B99F92-63D3-4F01-B8FE-6DF359B407F7}.Debug|Any CPU.ActiveCfg = Debug|Any CPU
		{C1B99F92-63D3-4F01-B8FE-6DF359B407F7}.Debug|Any CPU.Build.0 = Debug|Any CPU
		{C1B99F92-63D3-4F01-B8FE-6DF359B407F7}.Debug|Mixed Platforms.ActiveCfg = Debug|Any CPU
		{C1B99F92-63D3-4F01-B8FE-6DF359B407F7}.Debug|Mixed Platforms.Build.0 = Debug|Any CPU
		{C1B99F92-63D3-4F01-B8FE-6DF359B407F7}.Debug|x86.ActiveCfg = Debug|Any CPU
		{C1B99F92-63D3-4F01-B8FE-6DF359B407F7}.Deployable|Any CPU.ActiveCfg = Deployable|Any CPU
		{C1B99F92-63D3-4F01-B8FE-6DF359B407F7}.Deployable|Any CPU.Build.0 = Deployable|Any CPU
		{C1B99F92-63D3-4F01-B8FE-6DF359B407F7}.Deployable|Mixed Platforms.ActiveCfg = Deployable|Any CPU
		{C1B99F92-63D3-4F01-B8FE-6DF359B407F7}.Deployable|Mixed Platforms.Build.0 = Deployable|Any CPU
		{C1B99F92-63D3-4F01-B8FE-6DF359B407F7}.Deployable|x86.ActiveCfg = Deployable|Any CPU
		{C1B99F92-63D3-4F01-B8FE-6DF359B407F7}.Release|Any CPU.ActiveCfg = Release|Any CPU
		{C1B99F92-63D3-4F01-B8FE-6DF359B407F7}.Release|Any CPU.Build.0 = Release|Any CPU
		{C1B99F92-63D3-4F01-B8FE-6DF359B407F7}.Release|Mixed Platforms.ActiveCfg = Release|Any CPU
		{C1B99F92-63D3-4F01-B8FE-6DF359B407F7}.Release|Mixed Platforms.Build.0 = Release|Any CPU
		{C1B99F92-63D3-4F01-B8FE-6DF359B407F7}.Release|x86.ActiveCfg = Release|Any CPU
		{16057ACC-E523-403B-825D-57DDAEDC1CE6}.Debug|Any CPU.ActiveCfg = Debug|Any CPU
		{16057ACC-E523-403B-825D-57DDAEDC1CE6}.Debug|Any CPU.Build.0 = Debug|Any CPU
		{16057ACC-E523-403B-825D-57DDAEDC1CE6}.Debug|Mixed Platforms.ActiveCfg = Debug|Any CPU
		{16057ACC-E523-403B-825D-57DDAEDC1CE6}.Debug|Mixed Platforms.Build.0 = Debug|Any CPU
		{16057ACC-E523-403B-825D-57DDAEDC1CE6}.Debug|x86.ActiveCfg = Debug|Any CPU
		{16057ACC-E523-403B-825D-57DDAEDC1CE6}.Deployable|Any CPU.ActiveCfg = Deployable|Any CPU
		{16057ACC-E523-403B-825D-57DDAEDC1CE6}.Deployable|Any CPU.Build.0 = Deployable|Any CPU
		{16057ACC-E523-403B-825D-57DDAEDC1CE6}.Deployable|Mixed Platforms.ActiveCfg = Deployable|Any CPU
		{16057ACC-E523-403B-825D-57DDAEDC1CE6}.Deployable|Mixed Platforms.Build.0 = Deployable|Any CPU
		{16057ACC-E523-403B-825D-57DDAEDC1CE6}.Deployable|x86.ActiveCfg = Deployable|Any CPU
		{16057ACC-E523-403B-825D-57DDAEDC1CE6}.Release|Any CPU.ActiveCfg = Release|Any CPU
		{16057ACC-E523-403B-825D-57DDAEDC1CE6}.Release|Any CPU.Build.0 = Release|Any CPU
		{16057ACC-E523-403B-825D-57DDAEDC1CE6}.Release|Mixed Platforms.ActiveCfg = Release|Any CPU
		{16057ACC-E523-403B-825D-57DDAEDC1CE6}.Release|Mixed Platforms.Build.0 = Release|Any CPU
		{16057ACC-E523-403B-825D-57DDAEDC1CE6}.Release|x86.ActiveCfg = Release|Any CPU
		{FB619D27-E000-434D-8167-54490A640444}.Debug|Any CPU.ActiveCfg = Debug|Any CPU
		{FB619D27-E000-434D-8167-54490A640444}.Debug|Any CPU.Build.0 = Debug|Any CPU
		{FB619D27-E000-434D-8167-54490A640444}.Debug|Mixed Platforms.ActiveCfg = Debug|Any CPU
		{FB619D27-E000-434D-8167-54490A640444}.Debug|Mixed Platforms.Build.0 = Debug|Any CPU
		{FB619D27-E000-434D-8167-54490A640444}.Debug|x86.ActiveCfg = Debug|Any CPU
		{FB619D27-E000-434D-8167-54490A640444}.Deployable|Any CPU.ActiveCfg = Deployable|Any CPU
		{FB619D27-E000-434D-8167-54490A640444}.Deployable|Any CPU.Build.0 = Deployable|Any CPU
		{FB619D27-E000-434D-8167-54490A640444}.Deployable|Mixed Platforms.ActiveCfg = Deployable|Any CPU
		{FB619D27-E000-434D-8167-54490A640444}.Deployable|Mixed Platforms.Build.0 = Deployable|Any CPU
		{FB619D27-E000-434D-8167-54490A640444}.Deployable|x86.ActiveCfg = Deployable|Any CPU
		{FB619D27-E000-434D-8167-54490A640444}.Release|Any CPU.ActiveCfg = Release|Any CPU
		{FB619D27-E000-434D-8167-54490A640444}.Release|Any CPU.Build.0 = Release|Any CPU
		{FB619D27-E000-434D-8167-54490A640444}.Release|Mixed Platforms.ActiveCfg = Release|Any CPU
		{FB619D27-E000-434D-8167-54490A640444}.Release|Mixed Platforms.Build.0 = Release|Any CPU
		{FB619D27-E000-434D-8167-54490A640444}.Release|x86.ActiveCfg = Release|Any CPU
		{9F5A653C-EE47-4865-8A37-DF447F5FA3CB}.Debug|Any CPU.ActiveCfg = Debug|Any CPU
		{9F5A653C-EE47-4865-8A37-DF447F5FA3CB}.Debug|Any CPU.Build.0 = Debug|Any CPU
		{9F5A653C-EE47-4865-8A37-DF447F5FA3CB}.Debug|Mixed Platforms.ActiveCfg = Debug|Any CPU
		{9F5A653C-EE47-4865-8A37-DF447F5FA3CB}.Debug|Mixed Platforms.Build.0 = Debug|Any CPU
		{9F5A653C-EE47-4865-8A37-DF447F5FA3CB}.Debug|x86.ActiveCfg = Debug|Any CPU
		{9F5A653C-EE47-4865-8A37-DF447F5FA3CB}.Deployable|Any CPU.ActiveCfg = Deployable|Any CPU
		{9F5A653C-EE47-4865-8A37-DF447F5FA3CB}.Deployable|Any CPU.Build.0 = Deployable|Any CPU
		{9F5A653C-EE47-4865-8A37-DF447F5FA3CB}.Deployable|Mixed Platforms.ActiveCfg = Deployable|Any CPU
		{9F5A653C-EE47-4865-8A37-DF447F5FA3CB}.Deployable|Mixed Platforms.Build.0 = Deployable|Any CPU
		{9F5A653C-EE47-4865-8A37-DF447F5FA3CB}.Deployable|x86.ActiveCfg = Deployable|Any CPU
		{9F5A653C-EE47-4865-8A37-DF447F5FA3CB}.Release|Any CPU.ActiveCfg = Release|Any CPU
		{9F5A653C-EE47-4865-8A37-DF447F5FA3CB}.Release|Any CPU.Build.0 = Release|Any CPU
		{9F5A653C-EE47-4865-8A37-DF447F5FA3CB}.Release|Mixed Platforms.ActiveCfg = Release|Any CPU
		{9F5A653C-EE47-4865-8A37-DF447F5FA3CB}.Release|Mixed Platforms.Build.0 = Release|Any CPU
		{9F5A653C-EE47-4865-8A37-DF447F5FA3CB}.Release|x86.ActiveCfg = Release|Any CPU
		{B3C6E573-5BD2-479C-A9B6-B16E36FFF951}.Debug|Any CPU.ActiveCfg = Debug|Any CPU
		{B3C6E573-5BD2-479C-A9B6-B16E36FFF951}.Debug|Any CPU.Build.0 = Debug|Any CPU
		{B3C6E573-5BD2-479C-A9B6-B16E36FFF951}.Debug|Mixed Platforms.ActiveCfg = Debug|Any CPU
		{B3C6E573-5BD2-479C-A9B6-B16E36FFF951}.Debug|Mixed Platforms.Build.0 = Debug|Any CPU
		{B3C6E573-5BD2-479C-A9B6-B16E36FFF951}.Debug|x86.ActiveCfg = Debug|Any CPU
		{B3C6E573-5BD2-479C-A9B6-B16E36FFF951}.Deployable|Any CPU.ActiveCfg = Deployable|Any CPU
		{B3C6E573-5BD2-479C-A9B6-B16E36FFF951}.Deployable|Any CPU.Build.0 = Deployable|Any CPU
		{B3C6E573-5BD2-479C-A9B6-B16E36FFF951}.Deployable|Mixed Platforms.ActiveCfg = Deployable|Any CPU
		{B3C6E573-5BD2-479C-A9B6-B16E36FFF951}.Deployable|Mixed Platforms.Build.0 = Deployable|Any CPU
		{B3C6E573-5BD2-479C-A9B6-B16E36FFF951}.Deployable|x86.ActiveCfg = Deployable|Any CPU
		{B3C6E573-5BD2-479C-A9B6-B16E36FFF951}.Release|Any CPU.ActiveCfg = Release|Any CPU
		{B3C6E573-5BD2-479C-A9B6-B16E36FFF951}.Release|Any CPU.Build.0 = Release|Any CPU
		{B3C6E573-5BD2-479C-A9B6-B16E36FFF951}.Release|Mixed Platforms.ActiveCfg = Release|Any CPU
		{B3C6E573-5BD2-479C-A9B6-B16E36FFF951}.Release|Mixed Platforms.Build.0 = Release|Any CPU
		{B3C6E573-5BD2-479C-A9B6-B16E36FFF951}.Release|x86.ActiveCfg = Release|Any CPU
		{4517D06F-06BB-4003-BA4C-E2F85F77E4B7}.Debug|Any CPU.ActiveCfg = Debug|Any CPU
		{4517D06F-06BB-4003-BA4C-E2F85F77E4B7}.Debug|Any CPU.Build.0 = Debug|Any CPU
		{4517D06F-06BB-4003-BA4C-E2F85F77E4B7}.Debug|Mixed Platforms.ActiveCfg = Debug|Any CPU
		{4517D06F-06BB-4003-BA4C-E2F85F77E4B7}.Debug|Mixed Platforms.Build.0 = Debug|Any CPU
		{4517D06F-06BB-4003-BA4C-E2F85F77E4B7}.Debug|x86.ActiveCfg = Debug|Any CPU
		{4517D06F-06BB-4003-BA4C-E2F85F77E4B7}.Deployable|Any CPU.ActiveCfg = Deployable|Any CPU
		{4517D06F-06BB-4003-BA4C-E2F85F77E4B7}.Deployable|Any CPU.Build.0 = Deployable|Any CPU
		{4517D06F-06BB-4003-BA4C-E2F85F77E4B7}.Deployable|Mixed Platforms.ActiveCfg = Deployable|Any CPU
		{4517D06F-06BB-4003-BA4C-E2F85F77E4B7}.Deployable|Mixed Platforms.Build.0 = Deployable|Any CPU
		{4517D06F-06BB-4003-BA4C-E2F85F77E4B7}.Deployable|x86.ActiveCfg = Deployable|Any CPU
		{4517D06F-06BB-4003-BA4C-E2F85F77E4B7}.Release|Any CPU.ActiveCfg = Release|Any CPU
		{4517D06F-06BB-4003-BA4C-E2F85F77E4B7}.Release|Any CPU.Build.0 = Release|Any CPU
		{4517D06F-06BB-4003-BA4C-E2F85F77E4B7}.Release|Mixed Platforms.ActiveCfg = Release|Any CPU
		{4517D06F-06BB-4003-BA4C-E2F85F77E4B7}.Release|Mixed Platforms.Build.0 = Release|Any CPU
		{4517D06F-06BB-4003-BA4C-E2F85F77E4B7}.Release|x86.ActiveCfg = Release|Any CPU
		{F3F7DC78-44BF-4451-99F1-B99A691BB232}.Debug|Any CPU.ActiveCfg = Debug|Any CPU
		{F3F7DC78-44BF-4451-99F1-B99A691BB232}.Debug|Any CPU.Build.0 = Debug|Any CPU
		{F3F7DC78-44BF-4451-99F1-B99A691BB232}.Debug|Mixed Platforms.ActiveCfg = Debug|Any CPU
		{F3F7DC78-44BF-4451-99F1-B99A691BB232}.Debug|Mixed Platforms.Build.0 = Debug|Any CPU
		{F3F7DC78-44BF-4451-99F1-B99A691BB232}.Debug|x86.ActiveCfg = Debug|Any CPU
		{F3F7DC78-44BF-4451-99F1-B99A691BB232}.Deployable|Any CPU.ActiveCfg = Deployable|Any CPU
		{F3F7DC78-44BF-4451-99F1-B99A691BB232}.Deployable|Any CPU.Build.0 = Deployable|Any CPU
		{F3F7DC78-44BF-4451-99F1-B99A691BB232}.Deployable|Mixed Platforms.ActiveCfg = Deployable|Any CPU
		{F3F7DC78-44BF-4451-99F1-B99A691BB232}.Deployable|Mixed Platforms.Build.0 = Deployable|Any CPU
		{F3F7DC78-44BF-4451-99F1-B99A691BB232}.Deployable|x86.ActiveCfg = Deployable|Any CPU
		{F3F7DC78-44BF-4451-99F1-B99A691BB232}.Release|Any CPU.ActiveCfg = Release|Any CPU
		{F3F7DC78-44BF-4451-99F1-B99A691BB232}.Release|Any CPU.Build.0 = Release|Any CPU
		{F3F7DC78-44BF-4451-99F1-B99A691BB232}.Release|Mixed Platforms.ActiveCfg = Release|Any CPU
		{F3F7DC78-44BF-4451-99F1-B99A691BB232}.Release|Mixed Platforms.Build.0 = Release|Any CPU
		{F3F7DC78-44BF-4451-99F1-B99A691BB232}.Release|x86.ActiveCfg = Release|Any CPU
		{46899ED4-2ED5-4C8D-BEC9-DED828CB1A6C}.Debug|Any CPU.ActiveCfg = Debug|Any CPU
		{46899ED4-2ED5-4C8D-BEC9-DED828CB1A6C}.Debug|Any CPU.Build.0 = Debug|Any CPU
		{46899ED4-2ED5-4C8D-BEC9-DED828CB1A6C}.Debug|Mixed Platforms.ActiveCfg = Debug|Any CPU
		{46899ED4-2ED5-4C8D-BEC9-DED828CB1A6C}.Debug|Mixed Platforms.Build.0 = Debug|Any CPU
		{46899ED4-2ED5-4C8D-BEC9-DED828CB1A6C}.Debug|x86.ActiveCfg = Debug|Any CPU
		{46899ED4-2ED5-4C8D-BEC9-DED828CB1A6C}.Deployable|Any CPU.ActiveCfg = Debug|Any CPU
		{46899ED4-2ED5-4C8D-BEC9-DED828CB1A6C}.Deployable|Any CPU.Build.0 = Debug|Any CPU
		{46899ED4-2ED5-4C8D-BEC9-DED828CB1A6C}.Deployable|Mixed Platforms.ActiveCfg = Debug|Any CPU
		{46899ED4-2ED5-4C8D-BEC9-DED828CB1A6C}.Deployable|Mixed Platforms.Build.0 = Debug|Any CPU
		{46899ED4-2ED5-4C8D-BEC9-DED828CB1A6C}.Deployable|x86.ActiveCfg = Debug|Any CPU
		{46899ED4-2ED5-4C8D-BEC9-DED828CB1A6C}.Release|Any CPU.ActiveCfg = Release|Any CPU
		{46899ED4-2ED5-4C8D-BEC9-DED828CB1A6C}.Release|Any CPU.Build.0 = Release|Any CPU
		{46899ED4-2ED5-4C8D-BEC9-DED828CB1A6C}.Release|Mixed Platforms.ActiveCfg = Release|Any CPU
		{46899ED4-2ED5-4C8D-BEC9-DED828CB1A6C}.Release|Mixed Platforms.Build.0 = Release|Any CPU
		{46899ED4-2ED5-4C8D-BEC9-DED828CB1A6C}.Release|x86.ActiveCfg = Release|Any CPU
	EndGlobalSection
	GlobalSection(SolutionProperties) = preSolution
		HideSolutionNode = FALSE
	EndGlobalSection
	GlobalSection(ExtensibilityGlobals) = postSolution
		EnterpriseLibraryConfigurationToolBinariesPath = packages\Unity.2.1.505.2\lib\NET35;packages\Unity.Interception.2.1.505.2\lib\NET35;packages\EnterpriseLibrary.Common.5.0.505.0\lib\NET35;packages\EnterpriseLibrary.Logging.5.0.505.1\lib\NET35
	EndGlobalSection
EndGlobal
