Microsoft Visual Studio Solution File, Format Version 12.00
# Visual Studio Version 16
VisualStudioVersion = 16.0.28721.148
MinimumVisualStudioVersion = 16.0.28721.148
Project("{2150E333-8FDC-42A3-9474-1A3956D46DE8}") = "Custom", "Custom", "{3F0BAF48-DF6E-47D9-9609-BAA7D18ADFF9}"
EndProject
Project("{2150E333-8FDC-42A3-9474-1A3956D46DE8}") = "Catel", "Catel", "{BE199712-0ACF-4F9F-8B6A-8AF5BF75D3A1}"
EndProject
Project("{2150E333-8FDC-42A3-9474-1A3956D46DE8}") = "NLog", "NLog", "{CD21958E-E5B6-40BE-862B-22356507A494}"
EndProject
Project("{2150E333-8FDC-42A3-9474-1A3956D46DE8}") = "CommonLogging", "CommonLogging", "{68A4F6BA-E72B-4FC2-BDD6-9263EA5C0103}"
EndProject
Project("{2150E333-8FDC-42A3-9474-1A3956D46DE8}") = "Splat", "Splat", "{CC172335-BE39-4AE0-8829-B125531C62C3}"
EndProject
Project("{2150E333-8FDC-42A3-9474-1A3956D46DE8}") = "NServiceBus", "NServiceBus", "{6E02CD87-1526-49AA-82E8-08E497F99CB5}"
EndProject
Project("{2150E333-8FDC-42A3-9474-1A3956D46DE8}") = "Serilog", "Serilog", "{1DAA8766-FBAA-40BB-85A0-95FA07E05BDD}"
EndProject
Project("{9A19103F-16F7-4668-BE54-9A1E7A4F7556}") = "Anotar.NLog.Fody", "NLog\Anotar.NLog.Fody\Anotar.NLog.Fody.csproj", "{29AD34AB-9416-4E53-95CA-9B00072D8802}"
EndProject
Project("{9A19103F-16F7-4668-BE54-9A1E7A4F7556}") = "Anotar.Custom.Fody", "Custom\Anotar.Custom.Fody\Anotar.Custom.Fody.csproj", "{C9A88E56-D58F-45B2-AF8B-5897182F0104}"
EndProject
Project("{9A19103F-16F7-4668-BE54-9A1E7A4F7556}") = "Anotar.Serilog.Fody", "Serilog\Anotar.Serilog.Fody\Anotar.Serilog.Fody.csproj", "{D951B73D-5762-4472-A3F5-AD7C587B91A7}"
EndProject
Project("{9A19103F-16F7-4668-BE54-9A1E7A4F7556}") = "Anotar.NServiceBus.Fody", "NServiceBus\Anotar.NServiceBus.Fody\Anotar.NServiceBus.Fody.csproj", "{FF465742-96B9-40EF-A5E6-34B52DC92499}"
EndProject
Project("{9A19103F-16F7-4668-BE54-9A1E7A4F7556}") = "Anotar.CommonLogging.Fody", "CommonLogging\Anotar.CommonLogging.Fody\Anotar.CommonLogging.Fody.csproj", "{06818777-13F8-45BB-9D97-573EEC035291}"
EndProject
Project("{9A19103F-16F7-4668-BE54-9A1E7A4F7556}") = "Anotar.Splat.Fody", "Splat\Anotar.Splat.Fody\Anotar.Splat.Fody.csproj", "{B72C38E4-2DC7-4E7F-B177-36EF47D49572}"
EndProject
Project("{9A19103F-16F7-4668-BE54-9A1E7A4F7556}") = "Anotar.Catel.Fody", "Catel\Anotar.Catel.Fody\Anotar.Catel.Fody.csproj", "{4A7FD49A-7190-4BCB-B2B7-F765FE2BC4EC}"
EndProject
Project("{9A19103F-16F7-4668-BE54-9A1E7A4F7556}") = "AssemblyToProcess", "NServiceBus\AssemblyToProcess\AssemblyToProcess.csproj", "{BBD67CFC-A887-464B-9003-406D9FF3F330}"
EndProject
Project("{9A19103F-16F7-4668-BE54-9A1E7A4F7556}") = "AssemblyToProcess", "NLog\AssemblyToProcess\AssemblyToProcess.csproj", "{7DEC4E2D-F872-434E-A267-0BAD65299950}"
EndProject
Project("{9A19103F-16F7-4668-BE54-9A1E7A4F7556}") = "AssemblyToProcess", "Catel\AssemblyToProcess\AssemblyToProcess.csproj", "{8562527D-6A0A-4FCC-8EC0-4CA115EFFB3A}"
EndProject
Project("{9A19103F-16F7-4668-BE54-9A1E7A4F7556}") = "AssemblyToProcess", "CommonLogging\AssemblyToProcess\AssemblyToProcess.csproj", "{42003303-85D5-4944-A138-56CC51A6A092}"
EndProject
Project("{9A19103F-16F7-4668-BE54-9A1E7A4F7556}") = "AssemblyToProcess", "Splat\AssemblyToProcess\AssemblyToProcess.csproj", "{C1596A1F-15EE-4A27-B15A-8D0FA2EF41DE}"
EndProject
Project("{9A19103F-16F7-4668-BE54-9A1E7A4F7556}") = "AssemblyToProcess", "Serilog\AssemblyToProcess\AssemblyToProcess.csproj", "{D487E57A-3619-40F4-A87F-9C4D803A54AF}"
EndProject
Project("{9A19103F-16F7-4668-BE54-9A1E7A4F7556}") = "AssemblyToProcess", "Custom\AssemblyToProcess\AssemblyToProcess.csproj", "{EBAAC271-4C90-40B8-844B-4E6898DD8FEF}"
EndProject
Project("{9A19103F-16F7-4668-BE54-9A1E7A4F7556}") = "Tests", "CommonLogging\Tests\Tests.csproj", "{5A6A1002-0D9E-4D70-A685-FE851E9BD525}"
EndProject
Project("{9A19103F-16F7-4668-BE54-9A1E7A4F7556}") = "Tests", "Catel\Tests\Tests.csproj", "{F9E5BBEF-A48A-42BC-83AB-2B3939915E0A}"
EndProject
Project("{9A19103F-16F7-4668-BE54-9A1E7A4F7556}") = "Tests", "Splat\Tests\Tests.csproj", "{CED1E28D-B7C0-4DD5-AC93-BA105D308BC3}"
EndProject
Project("{9A19103F-16F7-4668-BE54-9A1E7A4F7556}") = "Tests", "NServiceBus\Tests\Tests.csproj", "{4476558B-9C1A-4EBB-AD80-825553E5CA2A}"
EndProject
Project("{9A19103F-16F7-4668-BE54-9A1E7A4F7556}") = "Tests", "NLog\Tests\Tests.csproj", "{02F30E0B-0054-4A4C-901E-D1109EA37D70}"
EndProject
Project("{9A19103F-16F7-4668-BE54-9A1E7A4F7556}") = "Tests", "Custom\Tests\Tests.csproj", "{0917C14C-F971-43AB-912B-52B7D4760135}"
EndProject
Project("{9A19103F-16F7-4668-BE54-9A1E7A4F7556}") = "Tests", "Serilog\Tests\Tests.csproj", "{94402B73-32A8-47B7-91B5-480C6B9A9EEF}"
EndProject
Project("{9A19103F-16F7-4668-BE54-9A1E7A4F7556}") = "AssemblyWithLogger", "Custom\AssemblyWithLogger\AssemblyWithLogger.csproj", "{5493D52A-B951-4A17-83F6-9063FBB1FD5C}"
EndProject
Project("{9A19103F-16F7-4668-BE54-9A1E7A4F7556}") = "Anotar.NServiceBus", "NServiceBus\Anotar.NServiceBus\Anotar.NServiceBus.csproj", "{56842706-496D-4C2C-9EE5-3935872323A4}"
	ProjectSection(ProjectDependencies) = postProject
		{FF465742-96B9-40EF-A5E6-34B52DC92499} = {FF465742-96B9-40EF-A5E6-34B52DC92499}
	EndProjectSection
EndProject
Project("{9A19103F-16F7-4668-BE54-9A1E7A4F7556}") = "Anotar.Serilog", "Serilog\Anotar.Serilog\Anotar.Serilog.csproj", "{51CBF808-6F09-46BF-9265-217F64E1DB68}"
	ProjectSection(ProjectDependencies) = postProject
		{D951B73D-5762-4472-A3F5-AD7C587B91A7} = {D951B73D-5762-4472-A3F5-AD7C587B91A7}
	EndProjectSection
EndProject
Project("{9A19103F-16F7-4668-BE54-9A1E7A4F7556}") = "Anotar.Custom", "Custom\Anotar.Custom\Anotar.Custom.csproj", "{92F0878B-811B-457C-9B93-2A7EC98E3B13}"
	ProjectSection(ProjectDependencies) = postProject
		{C9A88E56-D58F-45B2-AF8B-5897182F0104} = {C9A88E56-D58F-45B2-AF8B-5897182F0104}
	EndProjectSection
EndProject
Project("{9A19103F-16F7-4668-BE54-9A1E7A4F7556}") = "Anotar.NLog", "NLog\Anotar.NLog\Anotar.NLog.csproj", "{C1B99F92-63D3-4F01-B8FE-6DF359B407F7}"
	ProjectSection(ProjectDependencies) = postProject
		{29AD34AB-9416-4E53-95CA-9B00072D8802} = {29AD34AB-9416-4E53-95CA-9B00072D8802}
	EndProjectSection
EndProject
Project("{9A19103F-16F7-4668-BE54-9A1E7A4F7556}") = "Anotar.Catel", "Catel\Anotar.Catel\Anotar.Catel.csproj", "{C2EE6FFE-D6C5-4326-9A7B-3CF3905E930B}"
	ProjectSection(ProjectDependencies) = postProject
		{4A7FD49A-7190-4BCB-B2B7-F765FE2BC4EC} = {4A7FD49A-7190-4BCB-B2B7-F765FE2BC4EC}
	EndProjectSection
EndProject
Project("{9A19103F-16F7-4668-BE54-9A1E7A4F7556}") = "Anotar.CommonLogging", "CommonLogging\Anotar.CommonLogging\Anotar.CommonLogging.csproj", "{26B366D7-FB5A-4D75-8FE9-29B4333D96A7}"
	ProjectSection(ProjectDependencies) = postProject
		{06818777-13F8-45BB-9D97-573EEC035291} = {06818777-13F8-45BB-9D97-573EEC035291}
	EndProjectSection
EndProject
Project("{9A19103F-16F7-4668-BE54-9A1E7A4F7556}") = "Anotar.Splat", "Splat\Anotar.Splat\Anotar.Splat.csproj", "{EFE9370B-89A6-45E9-B323-3C26785C1D9C}"
	ProjectSection(ProjectDependencies) = postProject
		{B72C38E4-2DC7-4E7F-B177-36EF47D49572} = {B72C38E4-2DC7-4E7F-B177-36EF47D49572}
	EndProjectSection
EndProject
Project("{2150E333-8FDC-42A3-9474-1A3956D46DE8}") = "Solution Items", "Solution Items", "{6BDDD56A-E73E-498C-AE70-B4BF6D5D9E99}"
	ProjectSection(SolutionItems) = preProject
		Directory.Build.props = Directory.Build.props
	EndProjectSection
EndProject
Global
	GlobalSection(SolutionConfigurationPlatforms) = preSolution
		Debug|Any CPU = Debug|Any CPU
		Release|Any CPU = Release|Any CPU
	EndGlobalSection
	GlobalSection(ProjectConfigurationPlatforms) = postSolution
		{29AD34AB-9416-4E53-95CA-9B00072D8802}.Debug|Any CPU.ActiveCfg = Debug|Any CPU
		{29AD34AB-9416-4E53-95CA-9B00072D8802}.Debug|Any CPU.Build.0 = Debug|Any CPU
		{29AD34AB-9416-4E53-95CA-9B00072D8802}.Release|Any CPU.ActiveCfg = Release|Any CPU
		{29AD34AB-9416-4E53-95CA-9B00072D8802}.Release|Any CPU.Build.0 = Release|Any CPU
		{C9A88E56-D58F-45B2-AF8B-5897182F0104}.Debug|Any CPU.ActiveCfg = Debug|Any CPU
		{C9A88E56-D58F-45B2-AF8B-5897182F0104}.Debug|Any CPU.Build.0 = Debug|Any CPU
		{C9A88E56-D58F-45B2-AF8B-5897182F0104}.Release|Any CPU.ActiveCfg = Release|Any CPU
		{C9A88E56-D58F-45B2-AF8B-5897182F0104}.Release|Any CPU.Build.0 = Release|Any CPU
		{D951B73D-5762-4472-A3F5-AD7C587B91A7}.Debug|Any CPU.ActiveCfg = Debug|Any CPU
		{D951B73D-5762-4472-A3F5-AD7C587B91A7}.Debug|Any CPU.Build.0 = Debug|Any CPU
		{D951B73D-5762-4472-A3F5-AD7C587B91A7}.Release|Any CPU.ActiveCfg = Release|Any CPU
		{D951B73D-5762-4472-A3F5-AD7C587B91A7}.Release|Any CPU.Build.0 = Release|Any CPU
		{FF465742-96B9-40EF-A5E6-34B52DC92499}.Debug|Any CPU.ActiveCfg = Debug|Any CPU
		{FF465742-96B9-40EF-A5E6-34B52DC92499}.Debug|Any CPU.Build.0 = Debug|Any CPU
		{FF465742-96B9-40EF-A5E6-34B52DC92499}.Release|Any CPU.ActiveCfg = Release|Any CPU
		{FF465742-96B9-40EF-A5E6-34B52DC92499}.Release|Any CPU.Build.0 = Release|Any CPU
		{06818777-13F8-45BB-9D97-573EEC035291}.Debug|Any CPU.ActiveCfg = Debug|Any CPU
		{06818777-13F8-45BB-9D97-573EEC035291}.Debug|Any CPU.Build.0 = Debug|Any CPU
		{06818777-13F8-45BB-9D97-573EEC035291}.Release|Any CPU.ActiveCfg = Release|Any CPU
		{06818777-13F8-45BB-9D97-573EEC035291}.Release|Any CPU.Build.0 = Release|Any CPU
		{B72C38E4-2DC7-4E7F-B177-36EF47D49572}.Debug|Any CPU.ActiveCfg = Debug|Any CPU
		{B72C38E4-2DC7-4E7F-B177-36EF47D49572}.Debug|Any CPU.Build.0 = Debug|Any CPU
		{B72C38E4-2DC7-4E7F-B177-36EF47D49572}.Release|Any CPU.ActiveCfg = Release|Any CPU
		{B72C38E4-2DC7-4E7F-B177-36EF47D49572}.Release|Any CPU.Build.0 = Release|Any CPU
		{4A7FD49A-7190-4BCB-B2B7-F765FE2BC4EC}.Debug|Any CPU.ActiveCfg = Debug|Any CPU
		{4A7FD49A-7190-4BCB-B2B7-F765FE2BC4EC}.Debug|Any CPU.Build.0 = Debug|Any CPU
		{4A7FD49A-7190-4BCB-B2B7-F765FE2BC4EC}.Release|Any CPU.ActiveCfg = Release|Any CPU
		{4A7FD49A-7190-4BCB-B2B7-F765FE2BC4EC}.Release|Any CPU.Build.0 = Release|Any CPU
		{BBD67CFC-A887-464B-9003-406D9FF3F330}.Debug|Any CPU.ActiveCfg = Debug|Any CPU
		{BBD67CFC-A887-464B-9003-406D9FF3F330}.Debug|Any CPU.Build.0 = Debug|Any CPU
		{BBD67CFC-A887-464B-9003-406D9FF3F330}.Release|Any CPU.ActiveCfg = Release|Any CPU
		{BBD67CFC-A887-464B-9003-406D9FF3F330}.Release|Any CPU.Build.0 = Release|Any CPU
		{7DEC4E2D-F872-434E-A267-0BAD65299950}.Debug|Any CPU.ActiveCfg = Debug|Any CPU
		{7DEC4E2D-F872-434E-A267-0BAD65299950}.Debug|Any CPU.Build.0 = Debug|Any CPU
		{7DEC4E2D-F872-434E-A267-0BAD65299950}.Release|Any CPU.ActiveCfg = Release|Any CPU
		{7DEC4E2D-F872-434E-A267-0BAD65299950}.Release|Any CPU.Build.0 = Release|Any CPU
		{8562527D-6A0A-4FCC-8EC0-4CA115EFFB3A}.Debug|Any CPU.ActiveCfg = Debug|Any CPU
		{8562527D-6A0A-4FCC-8EC0-4CA115EFFB3A}.Debug|Any CPU.Build.0 = Debug|Any CPU
		{8562527D-6A0A-4FCC-8EC0-4CA115EFFB3A}.Release|Any CPU.ActiveCfg = Release|Any CPU
		{8562527D-6A0A-4FCC-8EC0-4CA115EFFB3A}.Release|Any CPU.Build.0 = Release|Any CPU
		{42003303-85D5-4944-A138-56CC51A6A092}.Debug|Any CPU.ActiveCfg = Debug|Any CPU
		{42003303-85D5-4944-A138-56CC51A6A092}.Debug|Any CPU.Build.0 = Debug|Any CPU
		{42003303-85D5-4944-A138-56CC51A6A092}.Release|Any CPU.ActiveCfg = Release|Any CPU
		{42003303-85D5-4944-A138-56CC51A6A092}.Release|Any CPU.Build.0 = Release|Any CPU
		{C1596A1F-15EE-4A27-B15A-8D0FA2EF41DE}.Debug|Any CPU.ActiveCfg = Debug|Any CPU
		{C1596A1F-15EE-4A27-B15A-8D0FA2EF41DE}.Debug|Any CPU.Build.0 = Debug|Any CPU
		{C1596A1F-15EE-4A27-B15A-8D0FA2EF41DE}.Release|Any CPU.ActiveCfg = Release|Any CPU
		{C1596A1F-15EE-4A27-B15A-8D0FA2EF41DE}.Release|Any CPU.Build.0 = Release|Any CPU
		{D487E57A-3619-40F4-A87F-9C4D803A54AF}.Debug|Any CPU.ActiveCfg = Debug|Any CPU
		{D487E57A-3619-40F4-A87F-9C4D803A54AF}.Debug|Any CPU.Build.0 = Debug|Any CPU
		{D487E57A-3619-40F4-A87F-9C4D803A54AF}.Release|Any CPU.ActiveCfg = Release|Any CPU
		{D487E57A-3619-40F4-A87F-9C4D803A54AF}.Release|Any CPU.Build.0 = Release|Any CPU
		{EBAAC271-4C90-40B8-844B-4E6898DD8FEF}.Debug|Any CPU.ActiveCfg = Debug|Any CPU
		{EBAAC271-4C90-40B8-844B-4E6898DD8FEF}.Debug|Any CPU.Build.0 = Debug|Any CPU
		{EBAAC271-4C90-40B8-844B-4E6898DD8FEF}.Release|Any CPU.ActiveCfg = Release|Any CPU
		{EBAAC271-4C90-40B8-844B-4E6898DD8FEF}.Release|Any CPU.Build.0 = Release|Any CPU
		{5A6A1002-0D9E-4D70-A685-FE851E9BD525}.Debug|Any CPU.ActiveCfg = Debug|Any CPU
		{5A6A1002-0D9E-4D70-A685-FE851E9BD525}.Debug|Any CPU.Build.0 = Debug|Any CPU
		{5A6A1002-0D9E-4D70-A685-FE851E9BD525}.Release|Any CPU.ActiveCfg = Release|Any CPU
		{5A6A1002-0D9E-4D70-A685-FE851E9BD525}.Release|Any CPU.Build.0 = Release|Any CPU
		{F9E5BBEF-A48A-42BC-83AB-2B3939915E0A}.Debug|Any CPU.ActiveCfg = Debug|Any CPU
		{F9E5BBEF-A48A-42BC-83AB-2B3939915E0A}.Debug|Any CPU.Build.0 = Debug|Any CPU
		{F9E5BBEF-A48A-42BC-83AB-2B3939915E0A}.Release|Any CPU.ActiveCfg = Release|Any CPU
		{F9E5BBEF-A48A-42BC-83AB-2B3939915E0A}.Release|Any CPU.Build.0 = Release|Any CPU
		{CED1E28D-B7C0-4DD5-AC93-BA105D308BC3}.Debug|Any CPU.ActiveCfg = Debug|Any CPU
		{CED1E28D-B7C0-4DD5-AC93-BA105D308BC3}.Debug|Any CPU.Build.0 = Debug|Any CPU
		{CED1E28D-B7C0-4DD5-AC93-BA105D308BC3}.Release|Any CPU.ActiveCfg = Release|Any CPU
		{CED1E28D-B7C0-4DD5-AC93-BA105D308BC3}.Release|Any CPU.Build.0 = Release|Any CPU
		{4476558B-9C1A-4EBB-AD80-825553E5CA2A}.Debug|Any CPU.ActiveCfg = Debug|Any CPU
		{4476558B-9C1A-4EBB-AD80-825553E5CA2A}.Debug|Any CPU.Build.0 = Debug|Any CPU
		{4476558B-9C1A-4EBB-AD80-825553E5CA2A}.Release|Any CPU.ActiveCfg = Release|Any CPU
		{4476558B-9C1A-4EBB-AD80-825553E5CA2A}.Release|Any CPU.Build.0 = Release|Any CPU
		{02F30E0B-0054-4A4C-901E-D1109EA37D70}.Debug|Any CPU.ActiveCfg = Debug|Any CPU
		{02F30E0B-0054-4A4C-901E-D1109EA37D70}.Debug|Any CPU.Build.0 = Debug|Any CPU
		{02F30E0B-0054-4A4C-901E-D1109EA37D70}.Release|Any CPU.ActiveCfg = Release|Any CPU
		{02F30E0B-0054-4A4C-901E-D1109EA37D70}.Release|Any CPU.Build.0 = Release|Any CPU
		{0917C14C-F971-43AB-912B-52B7D4760135}.Debug|Any CPU.ActiveCfg = Debug|Any CPU
		{0917C14C-F971-43AB-912B-52B7D4760135}.Debug|Any CPU.Build.0 = Debug|Any CPU
		{0917C14C-F971-43AB-912B-52B7D4760135}.Release|Any CPU.ActiveCfg = Release|Any CPU
		{0917C14C-F971-43AB-912B-52B7D4760135}.Release|Any CPU.Build.0 = Release|Any CPU
		{94402B73-32A8-47B7-91B5-480C6B9A9EEF}.Debug|Any CPU.ActiveCfg = Debug|Any CPU
		{94402B73-32A8-47B7-91B5-480C6B9A9EEF}.Debug|Any CPU.Build.0 = Debug|Any CPU
		{94402B73-32A8-47B7-91B5-480C6B9A9EEF}.Release|Any CPU.ActiveCfg = Release|Any CPU
		{94402B73-32A8-47B7-91B5-480C6B9A9EEF}.Release|Any CPU.Build.0 = Release|Any CPU
		{5493D52A-B951-4A17-83F6-9063FBB1FD5C}.Debug|Any CPU.ActiveCfg = Debug|Any CPU
		{5493D52A-B951-4A17-83F6-9063FBB1FD5C}.Debug|Any CPU.Build.0 = Debug|Any CPU
		{5493D52A-B951-4A17-83F6-9063FBB1FD5C}.Release|Any CPU.ActiveCfg = Release|Any CPU
		{5493D52A-B951-4A17-83F6-9063FBB1FD5C}.Release|Any CPU.Build.0 = Release|Any CPU
		{56842706-496D-4C2C-9EE5-3935872323A4}.Debug|Any CPU.ActiveCfg = Debug|Any CPU
		{56842706-496D-4C2C-9EE5-3935872323A4}.Debug|Any CPU.Build.0 = Debug|Any CPU
		{56842706-496D-4C2C-9EE5-3935872323A4}.Release|Any CPU.ActiveCfg = Release|Any CPU
		{56842706-496D-4C2C-9EE5-3935872323A4}.Release|Any CPU.Build.0 = Release|Any CPU
		{51CBF808-6F09-46BF-9265-217F64E1DB68}.Debug|Any CPU.ActiveCfg = Debug|Any CPU
		{51CBF808-6F09-46BF-9265-217F64E1DB68}.Debug|Any CPU.Build.0 = Debug|Any CPU
		{51CBF808-6F09-46BF-9265-217F64E1DB68}.Release|Any CPU.ActiveCfg = Release|Any CPU
		{51CBF808-6F09-46BF-9265-217F64E1DB68}.Release|Any CPU.Build.0 = Release|Any CPU
		{92F0878B-811B-457C-9B93-2A7EC98E3B13}.Debug|Any CPU.ActiveCfg = Debug|Any CPU
		{92F0878B-811B-457C-9B93-2A7EC98E3B13}.Debug|Any CPU.Build.0 = Debug|Any CPU
		{92F0878B-811B-457C-9B93-2A7EC98E3B13}.Release|Any CPU.ActiveCfg = Release|Any CPU
		{92F0878B-811B-457C-9B93-2A7EC98E3B13}.Release|Any CPU.Build.0 = Release|Any CPU
		{C1B99F92-63D3-4F01-B8FE-6DF359B407F7}.Debug|Any CPU.ActiveCfg = Debug|Any CPU
		{C1B99F92-63D3-4F01-B8FE-6DF359B407F7}.Debug|Any CPU.Build.0 = Debug|Any CPU
		{C1B99F92-63D3-4F01-B8FE-6DF359B407F7}.Release|Any CPU.ActiveCfg = Release|Any CPU
		{C1B99F92-63D3-4F01-B8FE-6DF359B407F7}.Release|Any CPU.Build.0 = Release|Any CPU
		{C2EE6FFE-D6C5-4326-9A7B-3CF3905E930B}.Debug|Any CPU.ActiveCfg = Debug|Any CPU
		{C2EE6FFE-D6C5-4326-9A7B-3CF3905E930B}.Debug|Any CPU.Build.0 = Debug|Any CPU
		{C2EE6FFE-D6C5-4326-9A7B-3CF3905E930B}.Release|Any CPU.ActiveCfg = Release|Any CPU
		{C2EE6FFE-D6C5-4326-9A7B-3CF3905E930B}.Release|Any CPU.Build.0 = Release|Any CPU
		{26B366D7-FB5A-4D75-8FE9-29B4333D96A7}.Debug|Any CPU.ActiveCfg = Debug|Any CPU
		{26B366D7-FB5A-4D75-8FE9-29B4333D96A7}.Debug|Any CPU.Build.0 = Debug|Any CPU
		{26B366D7-FB5A-4D75-8FE9-29B4333D96A7}.Release|Any CPU.ActiveCfg = Release|Any CPU
		{26B366D7-FB5A-4D75-8FE9-29B4333D96A7}.Release|Any CPU.Build.0 = Release|Any CPU
		{EFE9370B-89A6-45E9-B323-3C26785C1D9C}.Debug|Any CPU.ActiveCfg = Debug|Any CPU
		{EFE9370B-89A6-45E9-B323-3C26785C1D9C}.Debug|Any CPU.Build.0 = Debug|Any CPU
		{EFE9370B-89A6-45E9-B323-3C26785C1D9C}.Release|Any CPU.ActiveCfg = Release|Any CPU
		{EFE9370B-89A6-45E9-B323-3C26785C1D9C}.Release|Any CPU.Build.0 = Release|Any CPU
	EndGlobalSection
	GlobalSection(SolutionProperties) = preSolution
		HideSolutionNode = FALSE
	EndGlobalSection
	GlobalSection(NestedProjects) = preSolution
		{29AD34AB-9416-4E53-95CA-9B00072D8802} = {CD21958E-E5B6-40BE-862B-22356507A494}
		{C9A88E56-D58F-45B2-AF8B-5897182F0104} = {3F0BAF48-DF6E-47D9-9609-BAA7D18ADFF9}
		{D951B73D-5762-4472-A3F5-AD7C587B91A7} = {1DAA8766-FBAA-40BB-85A0-95FA07E05BDD}
		{FF465742-96B9-40EF-A5E6-34B52DC92499} = {6E02CD87-1526-49AA-82E8-08E497F99CB5}
		{06818777-13F8-45BB-9D97-573EEC035291} = {68A4F6BA-E72B-4FC2-BDD6-9263EA5C0103}
		{B72C38E4-2DC7-4E7F-B177-36EF47D49572} = {CC172335-BE39-4AE0-8829-B125531C62C3}
		{4A7FD49A-7190-4BCB-B2B7-F765FE2BC4EC} = {BE199712-0ACF-4F9F-8B6A-8AF5BF75D3A1}
		{BBD67CFC-A887-464B-9003-406D9FF3F330} = {6E02CD87-1526-49AA-82E8-08E497F99CB5}
		{7DEC4E2D-F872-434E-A267-0BAD65299950} = {CD21958E-E5B6-40BE-862B-22356507A494}
		{8562527D-6A0A-4FCC-8EC0-4CA115EFFB3A} = {BE199712-0ACF-4F9F-8B6A-8AF5BF75D3A1}
		{42003303-85D5-4944-A138-56CC51A6A092} = {68A4F6BA-E72B-4FC2-BDD6-9263EA5C0103}
		{C1596A1F-15EE-4A27-B15A-8D0FA2EF41DE} = {CC172335-BE39-4AE0-8829-B125531C62C3}
		{D487E57A-3619-40F4-A87F-9C4D803A54AF} = {1DAA8766-FBAA-40BB-85A0-95FA07E05BDD}
		{EBAAC271-4C90-40B8-844B-4E6898DD8FEF} = {3F0BAF48-DF6E-47D9-9609-BAA7D18ADFF9}
		{5A6A1002-0D9E-4D70-A685-FE851E9BD525} = {68A4F6BA-E72B-4FC2-BDD6-9263EA5C0103}
		{F9E5BBEF-A48A-42BC-83AB-2B3939915E0A} = {BE199712-0ACF-4F9F-8B6A-8AF5BF75D3A1}
		{CED1E28D-B7C0-4DD5-AC93-BA105D308BC3} = {CC172335-BE39-4AE0-8829-B125531C62C3}
		{4476558B-9C1A-4EBB-AD80-825553E5CA2A} = {6E02CD87-1526-49AA-82E8-08E497F99CB5}
		{02F30E0B-0054-4A4C-901E-D1109EA37D70} = {CD21958E-E5B6-40BE-862B-22356507A494}
		{0917C14C-F971-43AB-912B-52B7D4760135} = {3F0BAF48-DF6E-47D9-9609-BAA7D18ADFF9}
		{94402B73-32A8-47B7-91B5-480C6B9A9EEF} = {1DAA8766-FBAA-40BB-85A0-95FA07E05BDD}
		{5493D52A-B951-4A17-83F6-9063FBB1FD5C} = {3F0BAF48-DF6E-47D9-9609-BAA7D18ADFF9}
		{56842706-496D-4C2C-9EE5-3935872323A4} = {6E02CD87-1526-49AA-82E8-08E497F99CB5}
		{51CBF808-6F09-46BF-9265-217F64E1DB68} = {1DAA8766-FBAA-40BB-85A0-95FA07E05BDD}
		{92F0878B-811B-457C-9B93-2A7EC98E3B13} = {3F0BAF48-DF6E-47D9-9609-BAA7D18ADFF9}
		{C1B99F92-63D3-4F01-B8FE-6DF359B407F7} = {CD21958E-E5B6-40BE-862B-22356507A494}
		{C2EE6FFE-D6C5-4326-9A7B-3CF3905E930B} = {BE199712-0ACF-4F9F-8B6A-8AF5BF75D3A1}
		{26B366D7-FB5A-4D75-8FE9-29B4333D96A7} = {68A4F6BA-E72B-4FC2-BDD6-9263EA5C0103}
		{EFE9370B-89A6-45E9-B323-3C26785C1D9C} = {CC172335-BE39-4AE0-8829-B125531C62C3}
	EndGlobalSection
	GlobalSection(ExtensibilityGlobals) = postSolution
		SolutionGuid = {B54C660B-4BA9-4636-92F5-EB2817EB750D}
		EnterpriseLibraryConfigurationToolBinariesPath = packages\Unity.2.1.505.2\lib\NET35;packages\Unity.Interception.2.1.505.2\lib\NET35;packages\EnterpriseLibrary.Common.5.0.505.0\lib\NET35;packages\EnterpriseLibrary.Logging.5.0.505.1\lib\NET35
	EndGlobalSection
EndGlobal
